<?xml version="1.0" encoding="utf-8"?>
<Project ToolsVersion="4.0" xmlns="http://schemas.microsoft.com/developer/msbuild/2003">
  <ItemGroup>
    <Filter Include="ソース ファイル">
      <UniqueIdentifier>{4FC737F1-C7A5-4376-A066-2A32D752A2FF}</UniqueIdentifier>
      <Extensions>cpp;c;cxx;def;odl;idl;hpj;bat;asm;asmx</Extensions>
    </Filter>
    <Filter Include="ヘッダー ファイル">
      <UniqueIdentifier>{93995380-89BD-4b04-88EB-625FBE52EBFB}</UniqueIdentifier>
      <Extensions>h;hpp;hxx;hm;inl;inc;xsd</Extensions>
    </Filter>
  </ItemGroup>
  <ItemGroup>
    <ClCompile Include="..\vorbis\lib\analysis.c">
      <Filter>ソース ファイル</Filter>
    </ClCompile>
    <ClCompile Include="..\vorbis\lib\bitrate.c">
      <Filter>ソース ファイル</Filter>
    </ClCompile>
    <ClCompile Include="..\vorbis\lib\block.c">
      <Filter>ソース ファイル</Filter>
    </ClCompile>
    <ClCompile Include="..\vorbis\lib\codebook.c">
      <Filter>ソース ファイル</Filter>
    </ClCompile>
    <ClCompile Include="..\vorbis\lib\envelope.c">
      <Filter>ソース ファイル</Filter>
    </ClCompile>
    <ClCompile Include="..\vorbis\lib\floor0.c">
      <Filter>ソース ファイル</Filter>
    </ClCompile>
    <ClCompile Include="..\vorbis\lib\floor1.c">
      <Filter>ソース ファイル</Filter>
    </ClCompile>
    <ClCompile Include="..\vorbis\lib\info.c">
      <Filter>ソース ファイル</Filter>
    </ClCompile>
    <ClCompile Include="..\vorbis\lib\lookup.c">
      <Filter>ソース ファイル</Filter>
    </ClCompile>
    <ClCompile Include="..\vorbis\lib\lpc.c">
      <Filter>ソース ファイル</Filter>
    </ClCompile>
    <ClCompile Include="..\vorbis\lib\lsp.c">
      <Filter>ソース ファイル</Filter>
    </ClCompile>
    <ClCompile Include="..\vorbis\lib\mapping0.c">
      <Filter>ソース ファイル</Filter>
    </ClCompile>
    <ClCompile Include="..\vorbis\lib\mdct.c">
      <Filter>ソース ファイル</Filter>
    </ClCompile>
    <ClCompile Include="..\vorbis\lib\psy.c">
      <Filter>ソース ファイル</Filter>
    </ClCompile>
    <ClCompile Include="..\vorbis\lib\registry.c">
      <Filter>ソース ファイル</Filter>
    </ClCompile>
    <ClCompile Include="..\vorbis\lib\res0.c">
      <Filter>ソース ファイル</Filter>
    </ClCompile>
    <ClCompile Include="..\vorbis\lib\sharedbook.c">
      <Filter>ソース ファイル</Filter>
    </ClCompile>
    <ClCompile Include="..\vorbis\lib\smallft.c">
      <Filter>ソース ファイル</Filter>
    </ClCompile>
    <ClCompile Include="..\vorbis\lib\synthesis.c">
      <Filter>ソース ファイル</Filter>
    </ClCompile>
    <ClCompile Include="..\vorbis\lib\window.c">
      <Filter>ソース ファイル</Filter>
    </ClCompile>
  </ItemGroup>
  <ItemGroup>
    <ClInclude Include="..\vorbis\lib\bitrate.h">
      <Filter>ヘッダー ファイル</Filter>
    </ClInclude>
    <ClInclude Include="..\vorbis\include\vorbis\codec.h">
      <Filter>ヘッダー ファイル</Filter>
    </ClInclude>
    <ClInclude Include="..\vorbis\lib\codec_internal.h">
      <Filter>ヘッダー ファイル</Filter>
    </ClInclude>
    <ClInclude Include="..\vorbis\lib\envelope.h">
      <Filter>ヘッダー ファイル</Filter>
    </ClInclude>
    <ClInclude Include="..\vorbis\lib\highlevel.h">
      <Filter>ヘッダー ファイル</Filter>
    </ClInclude>
    <ClInclude Include="..\vorbis\lib\lookup.h">
      <Filter>ヘッダー ファイル</Filter>
    </ClInclude>
    <ClInclude Include="..\vorbis\lib\lookup_data.h">
      <Filter>ヘッダー ファイル</Filter>
    </ClInclude>
    <ClInclude Include="..\vorbis\lib\lpc.h">
      <Filter>ヘッダー ファイル</Filter>
    </ClInclude>
    <ClInclude Include="..\vorbis\lib\lsp.h">
      <Filter>ヘッダー ファイル</Filter>
    </ClInclude>
    <ClInclude Include="..\vorbis\lib\masking.h">
      <Filter>ヘッダー ファイル</Filter>
    </ClInclude>
    <ClInclude Include="..\vorbis\lib\mdct.h">
      <Filter>ヘッダー ファイル</Filter>
    </ClInclude>
    <ClInclude Include="..\vorbis\lib\misc.h">
      <Filter>ヘッダー ファイル</Filter>
    </ClInclude>
    <ClInclude Include="..\vorbis\lib\os.h">
      <Filter>ヘッダー ファイル</Filter>
    </ClInclude>
    <ClInclude Include="..\vorbis\lib\psy.h">
      <Filter>ヘッダー ファイル</Filter>
    </ClInclude>
    <ClInclude Include="..\vorbis\lib\registry.h">
      <Filter>ヘッダー ファイル</Filter>
    </ClInclude>
    <ClInclude Include="..\vorbis\lib\scales.h">
      <Filter>ヘッダー ファイル</Filter>
    </ClInclude>
    <ClInclude Include="..\vorbis\lib\smallft.h">
      <Filter>ヘッダー ファイル</Filter>
    </ClInclude>
    <ClInclude Include="..\vorbis\lib\window.h">
      <Filter>ヘッダー ファイル</Filter>
    </ClInclude>
  </ItemGroup>
</Project>