<?xml version="1.0" encoding="utf-8"?>
<Project ToolsVersion="4.0" xmlns="http://schemas.microsoft.com/developer/msbuild/2003">
  <ItemGroup>
    <Filter Include="Source Files">
      <UniqueIdentifier>{a95d0906-5198-4de1-9f55-2d5415bb5ad8}</UniqueIdentifier>
      <Extensions>cpp;c;cxx;def;r;odl;idl;hpj;bat</Extensions>
    </Filter>
    <Filter Include="Header Files">
      <UniqueIdentifier>{564abddf-3b1b-4bae-bf7d-c35034c4e77a}</UniqueIdentifier>
      <Extensions>h;hpp;hxx;hm;inl</Extensions>
    </Filter>
    <Filter Include="Resource Files">
      <UniqueIdentifier>{9db72144-be2a-43d9-9a04-1d34118b0a10}</UniqueIdentifier>
      <Extensions>rc;ico;cur;bmp;dlg;rc2;rct;bin;rgs;gif;jpg;jpeg;jpe</Extensions>
    </Filter>
  </ItemGroup>
  <ItemGroup>
    <ClCompile Include="src\bmp.cpp">
      <Filter>Source Files</Filter>
    </ClCompile>
    <ClCompile Include="src\calc.cpp">
      <Filter>Source Files</Filter>
    </ClCompile>
    <ClCompile Include="src\comp_bmpPac.cpp">
      <Filter>Source Files</Filter>
    </ClCompile>
    <ClCompile Include="src\comp_lzs.cpp">
      <Filter>Source Files</Filter>
    </ClCompile>
    <ClCompile Include="src\comp_pac.cpp">
      <Filter>Source Files</Filter>
    </ClCompile>
    <ClCompile Include="src\ctrl.cpp">
      <Filter>Source Files</Filter>
    </ClCompile>
    <ClCompile Include="src\disp.cpp">
      <Filter>Source Files</Filter>
    </ClCompile>
    <ClCompile Include="src\dispsprite.cpp">
      <Filter>Source Files</Filter>
    </ClCompile>
    <ClCompile Include="src\draw.cpp">
      <Filter>Source Files</Filter>
    </ClCompile>
    <ClCompile Include="src\draw08.cpp">
      <Filter>Source Files</Filter>
    </ClCompile>
    <ClCompile Include="src\draw16.cpp">
      <Filter>Source Files</Filter>
    </ClCompile>
    <ClCompile Include="src\draw24.cpp">
      <Filter>Source Files</Filter>
    </ClCompile>
    <ClCompile Include="src\draw32.cpp">
      <Filter>Source Files</Filter>
    </ClCompile>
    <ClCompile Include="src\drawprim16.cpp">
      <Filter>Source Files</Filter>
    </ClCompile>
    <ClCompile Include="src\drawprim24.cpp">
      <Filter>Source Files</Filter>
    </ClCompile>
    <ClCompile Include="src\drawprim32.cpp">
      <Filter>Source Files</Filter>
    </ClCompile>
    <ClCompile Include="src\enum.cpp">
      <Filter>Source Files</Filter>
    </ClCompile>
    <ClCompile Include="src\escr.cpp">
      <Filter>Source Files</Filter>
    </ClCompile>
    <ClCompile Include="src\escript.cpp">
      <Filter>Source Files</Filter>
    </ClCompile>
    <ClCompile Include="src\exec.cpp">
      <Filter>Source Files</Filter>
    </ClCompile>
    <ClCompile Include="src\font.cpp">
      <Filter>Source Files</Filter>
    </ClCompile>
    <ClCompile Include="src\gm_avg.cpp">
      <Filter>Source Files</Filter>
    </ClCompile>
    <ClCompile Include="src\gm_avgback.cpp">
      <Filter>Source Files</Filter>
    </ClCompile>
    <ClCompile Include="src\gm_avgchar.cpp">
      <Filter>Source Files</Filter>
    </ClCompile>
    <ClCompile Include="src\gm_avgchip.cpp">
      <Filter>Source Files</Filter>
    </ClCompile>
    <ClCompile Include="src\gm_avgending.cpp">
      <Filter>Source Files</Filter>
    </ClCompile>
    <ClCompile Include="src\gm_avgmsg.cpp">
      <Filter>Source Files</Filter>
    </ClCompile>
    <ClCompile Include="src\gm_demo.cpp">
      <Filter>Source Files</Filter>
    </ClCompile>
    <ClCompile Include="src\gm_omake.cpp">
      <Filter>Source Files</Filter>
    </ClCompile>
    <ClCompile Include="src\gm_save.cpp">
      <Filter>Source Files</Filter>
    </ClCompile>
    <ClCompile Include="src\gm_title.cpp">
      <Filter>Source Files</Filter>
    </ClCompile>
    <ClCompile Include="src\gm_window.cpp">
      <Filter>Source Files</Filter>
    </ClCompile>
    <ClCompile Include="src\keyboard.cpp">
      <Filter>Source Files</Filter>
    </ClCompile>
    <ClCompile Include="src\main.cpp">
      <Filter>Source Files</Filter>
    </ClCompile>
    <ClCompile Include="src\mm_std.cpp">
      <Filter>Source Files</Filter>
    </ClCompile>
    <ClCompile Include="src\mouse.cpp">
      <Filter>Source Files</Filter>
    </ClCompile>
    <ClCompile Include="src\movie.cpp">
      <Filter>Source Files</Filter>
    </ClCompile>
    <ClCompile Include="src\movplayer.cpp">
      <Filter>Source Files</Filter>
    </ClCompile>
    <ClCompile Include="src\palette.cpp">
      <Filter>Source Files</Filter>
    </ClCompile>
    <ClCompile Include="src\param.cpp">
      <Filter>Source Files</Filter>
    </ClCompile>
    <ClCompile Include="src\readfile.cpp">
      <Filter>Source Files</Filter>
    </ClCompile>
    <ClCompile Include="src\soundds.cpp">
      <Filter>Source Files</Filter>
    </ClCompile>
    <ClCompile Include="src\text.cpp">
      <Filter>Source Files</Filter>
    </ClCompile>
    <ClCompile Include="src\tga.cpp">
      <Filter>Source Files</Filter>
    </ClCompile>
    <ClCompile Include="src\winmain.cpp">
      <Filter>Source Files</Filter>
    </ClCompile>
  </ItemGroup>
  <ItemGroup>
    <ClInclude Include="src\bmp.h">
      <Filter>Header Files</Filter>
    </ClInclude>
    <ClInclude Include="src\calc.h">
      <Filter>Header Files</Filter>
    </ClInclude>
    <ClInclude Include="src\clcommon.h">
      <Filter>Header Files</Filter>
    </ClInclude>
    <ClInclude Include="src\comp_bmpPac.h">
      <Filter>Header Files</Filter>
    </ClInclude>
    <ClInclude Include="src\comp_lzs.h">
      <Filter>Header Files</Filter>
    </ClInclude>
    <ClInclude Include="src\comp_pac.h">
      <Filter>Header Files</Filter>
    </ClInclude>
    <ClInclude Include="src\ctrl.h">
      <Filter>Header Files</Filter>
    </ClInclude>
    <ClInclude Include="src\disp.h">
      <Filter>Header Files</Filter>
    </ClInclude>
    <ClInclude Include="src\dispsprite.h">
      <Filter>Header Files</Filter>
    </ClInclude>
    <ClInclude Include="src\draw.h">
      <Filter>Header Files</Filter>
    </ClInclude>
    <ClInclude Include="src\drawprim.h">
      <Filter>Header Files</Filter>
    </ClInclude>
    <ClInclude Include="src\enum.h">
      <Filter>Header Files</Filter>
    </ClInclude>
    <ClInclude Include="src\escr.h">
      <Filter>Header Files</Filter>
    </ClInclude>
    <ClInclude Include="src\escript.h">
      <Filter>Header Files</Filter>
    </ClInclude>
    <ClInclude Include="src\exec.h">
      <Filter>Header Files</Filter>
    </ClInclude>
    <ClInclude Include="src\font.h">
      <Filter>Header Files</Filter>
    </ClInclude>
    <ClInclude Include="src\gm_avg.h">
      <Filter>Header Files</Filter>
    </ClInclude>
    <ClInclude Include="src\gm_avgback.h">
      <Filter>Header Files</Filter>
    </ClInclude>
    <ClInclude Include="src\gm_avgChar.h">
      <Filter>Header Files</Filter>
    </ClInclude>
    <ClInclude Include="src\gm_avgchip.h">
      <Filter>Header Files</Filter>
    </ClInclude>
    <ClInclude Include="src\gm_avgending.h">
      <Filter>Header Files</Filter>
    </ClInclude>
    <ClInclude Include="src\gm_avgmsg.h">
      <Filter>Header Files</Filter>
    </ClInclude>
    <ClInclude Include="src\gm_demo.h">
      <Filter>Header Files</Filter>
    </ClInclude>
    <ClInclude Include="src\gm_omake.h">
      <Filter>Header Files</Filter>
    </ClInclude>
    <ClInclude Include="src\gm_save.h">
      <Filter>Header Files</Filter>
    </ClInclude>
    <ClInclude Include="src\gm_title.h">
      <Filter>Header Files</Filter>
    </ClInclude>
    <ClInclude Include="src\gm_window.h">
      <Filter>Header Files</Filter>
    </ClInclude>
    <ClInclude Include="src\keyboard.h">
      <Filter>Header Files</Filter>
    </ClInclude>
    <ClInclude Include="src\main.h">
      <Filter>Header Files</Filter>
    </ClInclude>
    <ClInclude Include="src\mm_std.h">
      <Filter>Header Files</Filter>
    </ClInclude>
    <ClInclude Include="src\mouse.h">
      <Filter>Header Files</Filter>
    </ClInclude>
    <ClInclude Include="src\movie.h">
      <Filter>Header Files</Filter>
    </ClInclude>
    <ClInclude Include="src\movplayer.h">
      <Filter>Header Files</Filter>
    </ClInclude>
    <ClInclude Include="src\palette.h">
      <Filter>Header Files</Filter>
    </ClInclude>
    <ClInclude Include="src\param.h">
      <Filter>Header Files</Filter>
    </ClInclude>
    <ClInclude Include="src\readfile.h">
      <Filter>Header Files</Filter>
    </ClInclude>
    <ClInclude Include="src\resource.h">
      <Filter>Header Files</Filter>
    </ClInclude>
    <ClInclude Include="src\soundds.h">
      <Filter>Header Files</Filter>
    </ClInclude>
    <ClInclude Include="src\text.h">
      <Filter>Header Files</Filter>
    </ClInclude>
    <ClInclude Include="src\tga.h">
      <Filter>Header Files</Filter>
    </ClInclude>
  </ItemGroup>
  <ItemGroup>
    <None Include="src\bitmap1.bmp">
      <Filter>Resource Files</Filter>
    </None>
    <None Include="src\cursor1.cur">
      <Filter>Resource Files</Filter>
    </None>
    <None Include="src\t2_256.ico">
      <Filter>Resource Files</Filter>
    </None>
    <None Include="src\changed.txt" />
    <None Include="src\scr_name.dat" />
  </ItemGroup>
  <ItemGroup>
    <ResourceCompile Include="src\script1.rc">
      <Filter>Resource Files</Filter>
    </ResourceCompile>
  </ItemGroup>
</Project>