<?xml version="1.0" encoding="utf-8"?>
<Project ToolsVersion="4.0" xmlns="http://schemas.microsoft.com/developer/msbuild/2003">
  <ItemGroup>
    <Filter Include="docs">
      <UniqueIdentifier>{83dbdc51-4e35-4405-9964-ac6ece327dd8}</UniqueIdentifier>
    </Filter>
    <Filter Include="bitstream">
      <UniqueIdentifier>{109dd86f-085d-4efa-ae29-ed1854b1efcb}</UniqueIdentifier>
    </Filter>
    <Filter Include="bitstream\bitstream_asm">
      <UniqueIdentifier>{ba83c1c1-ae0e-438a-a891-6ec6250f96f5}</UniqueIdentifier>
    </Filter>
    <Filter Include="bitstream\bitstream_h">
      <UniqueIdentifier>{1b58dd5c-2469-4288-b577-becce8fa0986}</UniqueIdentifier>
    </Filter>
    <Filter Include="dct">
      <UniqueIdentifier>{53380237-ad29-4fc1-994c-9d88cde15d36}</UniqueIdentifier>
    </Filter>
    <Filter Include="dct\dct_asm">
      <UniqueIdentifier>{b2b5f901-1f88-47dc-9240-b0f622035614}</UniqueIdentifier>
    </Filter>
    <Filter Include="dct\dct_h">
      <UniqueIdentifier>{05968a13-6331-4268-8f36-806289810c59}</UniqueIdentifier>
    </Filter>
    <Filter Include="image">
      <UniqueIdentifier>{4f036e19-995d-4e3b-bf03-8d9ca720a701}</UniqueIdentifier>
    </Filter>
    <Filter Include="image\image_asm">
      <UniqueIdentifier>{0e2b2f60-e97a-4f91-b131-2409c79e58a3}</UniqueIdentifier>
    </Filter>
    <Filter Include="image\image_h">
      <UniqueIdentifier>{a1da0409-8883-45df-b7e7-a3df20190bf1}</UniqueIdentifier>
    </Filter>
    <Filter Include="motion">
      <UniqueIdentifier>{b211a751-caeb-471e-8fe4-99a7198ee709}</UniqueIdentifier>
    </Filter>
    <Filter Include="motion\motion_asm">
      <UniqueIdentifier>{4f006267-33c5-4aac-9ea0-ce417733e8f1}</UniqueIdentifier>
    </Filter>
    <Filter Include="motion\motion_h">
      <UniqueIdentifier>{a0eaa1f7-c382-4211-ac67-fa8457faaa9b}</UniqueIdentifier>
    </Filter>
    <Filter Include="prediction">
      <UniqueIdentifier>{1b8708cf-d1a7-4598-afff-a26137edc0cc}</UniqueIdentifier>
    </Filter>
    <Filter Include="prediction\prediction_h">
      <UniqueIdentifier>{ee992743-795c-4293-8d04-851f4bda954a}</UniqueIdentifier>
    </Filter>
    <Filter Include="quant">
      <UniqueIdentifier>{5cc675f4-a047-4571-be06-bf6749b2535d}</UniqueIdentifier>
    </Filter>
    <Filter Include="quant\quant_asm">
      <UniqueIdentifier>{dff97fb7-2862-42a7-8978-5483d22770e3}</UniqueIdentifier>
    </Filter>
    <Filter Include="quant\quant_h">
      <UniqueIdentifier>{427dec56-de81-4aa6-a86f-fdbb077e4bdb}</UniqueIdentifier>
    </Filter>
    <Filter Include="utils">
      <UniqueIdentifier>{de56c337-9244-4108-9ea4-04830830e987}</UniqueIdentifier>
    </Filter>
    <Filter Include="utils\utils_asm">
      <UniqueIdentifier>{ed62d47b-d19b-44df-84d9-58af143d05ce}</UniqueIdentifier>
    </Filter>
    <Filter Include="utils\utils_h">
      <UniqueIdentifier>{ddc0e7ad-6a1d-4d3a-8b29-39cdf987f9bf}</UniqueIdentifier>
    </Filter>
    <Filter Include="xvid_h">
      <UniqueIdentifier>{4b648720-492c-48f4-8d71-51a549607074}</UniqueIdentifier>
    </Filter>
    <Filter Include="plugins">
      <UniqueIdentifier>{14fffb18-c414-45d6-94c0-3f903475945f}</UniqueIdentifier>
    </Filter>
  </ItemGroup>
  <ItemGroup>
    <None Include="..\..\AUTHORS">
      <Filter>docs</Filter>
    </None>
    <None Include="..\..\ChangeLog">
      <Filter>docs</Filter>
    </None>
    <None Include="..\..\CodingStyle">
      <Filter>docs</Filter>
    </None>
    <None Include="..\..\doc\INSTALL">
      <Filter>docs</Filter>
    </None>
    <None Include="..\..\LICENSE">
      <Filter>docs</Filter>
    </None>
    <None Include="..\..\README">
      <Filter>docs</Filter>
    </None>
    <None Include="..\..\doc\README">
      <Filter>docs</Filter>
    </None>
    <None Include="..\..\TODO">
      <Filter>docs</Filter>
    </None>
    <None Include="..\xvidcore\src\image\x86_asm\colorspace_mmx.inc">
      <Filter>image\image_asm</Filter>
    </None>
  </ItemGroup>
  <ItemGroup>
    <ClCompile Include="..\xvidcore\src\bitstream\bitstream.c">
      <Filter>bitstream</Filter>
    </ClCompile>
    <ClCompile Include="..\xvidcore\src\bitstream\cbp.c">
      <Filter>bitstream</Filter>
    </ClCompile>
    <ClCompile Include="..\xvidcore\src\bitstream\mbcoding.c">
      <Filter>bitstream</Filter>
    </ClCompile>
    <ClCompile Include="..\xvidcore\src\dct\fdct.c">
      <Filter>dct</Filter>
    </ClCompile>
    <ClCompile Include="..\xvidcore\src\dct\idct.c">
      <Filter>dct</Filter>
    </ClCompile>
    <ClCompile Include="..\xvidcore\src\dct\simple_idct.c">
      <Filter>dct</Filter>
    </ClCompile>
    <ClCompile Include="..\xvidcore\src\image\colorspace.c">
      <Filter>image</Filter>
    </ClCompile>
    <ClCompile Include="..\xvidcore\src\image\font.c">
      <Filter>image</Filter>
    </ClCompile>
    <ClCompile Include="..\xvidcore\src\image\image.c">
      <Filter>image</Filter>
    </ClCompile>
    <ClCompile Include="..\xvidcore\src\image\interpolate8x8.c">
      <Filter>image</Filter>
    </ClCompile>
    <ClCompile Include="..\xvidcore\src\image\postprocessing.c">
      <Filter>image</Filter>
    </ClCompile>
    <ClCompile Include="..\xvidcore\src\image\qpel.c">
      <Filter>image</Filter>
    </ClCompile>
    <ClCompile Include="..\xvidcore\src\image\reduced.c">
      <Filter>image</Filter>
    </ClCompile>
    <ClCompile Include="..\xvidcore\src\motion\estimation_bvop.c">
      <Filter>motion</Filter>
    </ClCompile>
    <ClCompile Include="..\xvidcore\src\motion\estimation_common.c">
      <Filter>motion</Filter>
    </ClCompile>
    <ClCompile Include="..\xvidcore\src\motion\estimation_gmc.c">
      <Filter>motion</Filter>
    </ClCompile>
    <ClCompile Include="..\xvidcore\src\motion\estimation_pvop.c">
      <Filter>motion</Filter>
    </ClCompile>
    <ClCompile Include="..\xvidcore\src\motion\estimation_rd_based.c">
      <Filter>motion</Filter>
    </ClCompile>
    <ClCompile Include="..\xvidcore\src\motion\gmc.c">
      <Filter>motion</Filter>
    </ClCompile>
    <ClCompile Include="..\xvidcore\src\motion\motion_comp.c">
      <Filter>motion</Filter>
    </ClCompile>
    <ClCompile Include="..\xvidcore\src\motion\sad.c">
      <Filter>motion</Filter>
    </ClCompile>
    <ClCompile Include="..\xvidcore\src\motion\vop_type_decision.c">
      <Filter>motion</Filter>
    </ClCompile>
    <ClCompile Include="..\xvidcore\src\prediction\mbprediction.c">
      <Filter>prediction</Filter>
    </ClCompile>
    <ClCompile Include="..\xvidcore\src\quant\quant_h263.c">
      <Filter>quant</Filter>
    </ClCompile>
    <ClCompile Include="..\xvidcore\src\quant\quant_matrix.c">
      <Filter>quant</Filter>
    </ClCompile>
    <ClCompile Include="..\xvidcore\src\quant\quant_mpeg.c">
      <Filter>quant</Filter>
    </ClCompile>
    <ClCompile Include="..\xvidcore\src\utils\emms.c">
      <Filter>utils</Filter>
    </ClCompile>
    <ClCompile Include="..\xvidcore\src\utils\mbtransquant.c">
      <Filter>utils</Filter>
    </ClCompile>
    <ClCompile Include="..\xvidcore\src\utils\mem_align.c">
      <Filter>utils</Filter>
    </ClCompile>
    <ClCompile Include="..\xvidcore\src\utils\mem_transfer.c">
      <Filter>utils</Filter>
    </ClCompile>
    <ClCompile Include="..\xvidcore\src\utils\timer.c">
      <Filter>utils</Filter>
    </ClCompile>
    <ClCompile Include="..\xvidcore\src\plugins\plugin_2pass1.c">
      <Filter>plugins</Filter>
    </ClCompile>
    <ClCompile Include="..\xvidcore\src\plugins\plugin_2pass2.c">
      <Filter>plugins</Filter>
    </ClCompile>
    <ClCompile Include="..\xvidcore\src\plugins\plugin_dump.c">
      <Filter>plugins</Filter>
    </ClCompile>
    <ClCompile Include="..\xvidcore\src\plugins\plugin_lumimasking.c">
      <Filter>plugins</Filter>
    </ClCompile>
    <ClCompile Include="..\xvidcore\src\plugins\plugin_psnr.c">
      <Filter>plugins</Filter>
    </ClCompile>
    <ClCompile Include="..\xvidcore\src\plugins\plugin_single.c">
      <Filter>plugins</Filter>
    </ClCompile>
    <ClCompile Include="..\xvidcore\src\decoder.c" />
    <ClCompile Include="..\xvidcore\src\encoder.c" />
    <ClCompile Include="..\xvidcore\src\xvid.c" />
    <ClCompile Include="xvid_dec.cpp" />
  </ItemGroup>
  <ItemGroup>
    <ClInclude Include="..\xvidcore\src\bitstream\bitstream.h">
      <Filter>bitstream\bitstream_h</Filter>
    </ClInclude>
    <ClInclude Include="..\xvidcore\src\bitstream\cbp.h">
      <Filter>bitstream\bitstream_h</Filter>
    </ClInclude>
    <ClInclude Include="..\xvidcore\src\bitstream\mbcoding.h">
      <Filter>bitstream\bitstream_h</Filter>
    </ClInclude>
    <ClInclude Include="..\xvidcore\src\bitstream\vlc_codes.h">
      <Filter>bitstream\bitstream_h</Filter>
    </ClInclude>
    <ClInclude Include="..\xvidcore\src\bitstream\zigzag.h">
      <Filter>bitstream\bitstream_h</Filter>
    </ClInclude>
    <ClInclude Include="..\xvidcore\src\dct\fdct.h">
      <Filter>dct\dct_h</Filter>
    </ClInclude>
    <ClInclude Include="..\xvidcore\src\dct\idct.h">
      <Filter>dct\dct_h</Filter>
    </ClInclude>
    <ClInclude Include="..\xvidcore\src\image\colorspace.h">
      <Filter>image\image_h</Filter>
    </ClInclude>
    <ClInclude Include="..\xvidcore\src\image\font.h">
      <Filter>image\image_h</Filter>
    </ClInclude>
    <ClInclude Include="..\xvidcore\src\image\image.h">
      <Filter>image\image_h</Filter>
    </ClInclude>
    <ClInclude Include="..\xvidcore\src\image\interpolate8x8.h">
      <Filter>image\image_h</Filter>
    </ClInclude>
    <ClInclude Include="..\xvidcore\src\image\postprocessing.h">
      <Filter>image\image_h</Filter>
    </ClInclude>
    <ClInclude Include="..\xvidcore\src\image\qpel.h">
      <Filter>image\image_h</Filter>
    </ClInclude>
    <ClInclude Include="..\xvidcore\src\image\reduced.h">
      <Filter>image\image_h</Filter>
    </ClInclude>
    <ClInclude Include="..\xvidcore\src\motion\estimation.h">
      <Filter>motion\motion_h</Filter>
    </ClInclude>
    <ClInclude Include="..\xvidcore\src\motion\gmc.h">
      <Filter>motion\motion_h</Filter>
    </ClInclude>
    <ClInclude Include="..\xvidcore\src\motion\motion.h">
      <Filter>motion\motion_h</Filter>
    </ClInclude>
    <ClInclude Include="..\xvidcore\src\motion\motion_inlines.h">
      <Filter>motion\motion_h</Filter>
    </ClInclude>
    <ClInclude Include="..\xvidcore\src\motion\sad.h">
      <Filter>motion\motion_h</Filter>
    </ClInclude>
    <ClInclude Include="..\xvidcore\src\prediction\mbprediction.h">
      <Filter>prediction\prediction_h</Filter>
    </ClInclude>
    <ClInclude Include="..\xvidcore\src\quant\quant.h">
      <Filter>quant\quant_h</Filter>
    </ClInclude>
    <ClInclude Include="..\xvidcore\src\quant\quant_matrix.h">
      <Filter>quant\quant_h</Filter>
    </ClInclude>
    <ClInclude Include="..\xvidcore\src\utils\emms.h">
      <Filter>utils\utils_h</Filter>
    </ClInclude>
    <ClInclude Include="..\xvidcore\src\utils\mbfunctions.h">
      <Filter>utils\utils_h</Filter>
    </ClInclude>
    <ClInclude Include="..\xvidcore\src\utils\mem_align.h">
      <Filter>utils\utils_h</Filter>
    </ClInclude>
    <ClInclude Include="..\xvidcore\src\utils\mem_transfer.h">
      <Filter>utils\utils_h</Filter>
    </ClInclude>
    <ClInclude Include="..\xvidcore\src\utils\ratecontrol.h">
      <Filter>utils\utils_h</Filter>
    </ClInclude>
    <ClInclude Include="..\xvidcore\src\utils\timer.h">
      <Filter>utils\utils_h</Filter>
    </ClInclude>
    <ClInclude Include="..\xvidcore\src\decoder.h">
      <Filter>xvid_h</Filter>
    </ClInclude>
    <ClInclude Include="..\xvidcore\src\encoder.h">
      <Filter>xvid_h</Filter>
    </ClInclude>
    <ClInclude Include="..\xvidcore\src\global.h">
      <Filter>xvid_h</Filter>
    </ClInclude>
    <ClInclude Include="..\xvidcore\src\portab.h">
      <Filter>xvid_h</Filter>
    </ClInclude>
    <ClInclude Include="..\xvidcore\src\xvid.h">
      <Filter>xvid_h</Filter>
    </ClInclude>
    <ClInclude Include="xvid_dec.h" />
  </ItemGroup>
  <ItemGroup>
    <CustomBuild Include="..\xvidcore\src\bitstream\x86_asm\cbp_3dne.asm">
      <Filter>bitstream\bitstream_asm</Filter>
    </CustomBuild>
    <CustomBuild Include="..\xvidcore\src\bitstream\x86_asm\cbp_mmx.asm">
      <Filter>bitstream\bitstream_asm</Filter>
    </CustomBuild>
    <CustomBuild Include="..\xvidcore\src\bitstream\x86_asm\cbp_sse2.asm">
      <Filter>bitstream\bitstream_asm</Filter>
    </CustomBuild>
    <CustomBuild Include="..\xvidcore\src\dct\x86_asm\fdct_mmx_ffmpeg.asm">
      <Filter>dct\dct_asm</Filter>
    </CustomBuild>
    <CustomBuild Include="..\xvidcore\src\dct\x86_asm\fdct_mmx_skal.asm">
      <Filter>dct\dct_asm</Filter>
    </CustomBuild>
    <CustomBuild Include="..\xvidcore\src\dct\x86_asm\fdct_sse2_skal.asm">
      <Filter>dct\dct_asm</Filter>
    </CustomBuild>
    <CustomBuild Include="..\xvidcore\src\dct\x86_asm\idct_3dne.asm">
      <Filter>dct\dct_asm</Filter>
    </CustomBuild>
    <CustomBuild Include="..\xvidcore\src\dct\x86_asm\idct_mmx.asm">
      <Filter>dct\dct_asm</Filter>
    </CustomBuild>
    <CustomBuild Include="..\xvidcore\src\dct\x86_asm\idct_sse2_dmitry.asm">
      <Filter>dct\dct_asm</Filter>
    </CustomBuild>
    <CustomBuild Include="..\xvidcore\src\dct\x86_asm\simple_idct_mmx.asm">
      <Filter>dct\dct_asm</Filter>
    </CustomBuild>
    <CustomBuild Include="..\xvidcore\src\image\x86_asm\colorspace_rgb_mmx.asm">
      <Filter>image\image_asm</Filter>
    </CustomBuild>
    <CustomBuild Include="..\xvidcore\src\image\x86_asm\colorspace_yuv_mmx.asm">
      <Filter>image\image_asm</Filter>
    </CustomBuild>
    <CustomBuild Include="..\xvidcore\src\image\x86_asm\colorspace_yuyv_mmx.asm">
      <Filter>image\image_asm</Filter>
    </CustomBuild>
    <CustomBuild Include="..\xvidcore\src\image\x86_asm\interpolate8x8_3dn.asm">
      <Filter>image\image_asm</Filter>
    </CustomBuild>
    <CustomBuild Include="..\xvidcore\src\image\x86_asm\interpolate8x8_3dne.asm">
      <Filter>image\image_asm</Filter>
    </CustomBuild>
    <CustomBuild Include="..\xvidcore\src\image\x86_asm\interpolate8x8_mmx.asm">
      <Filter>image\image_asm</Filter>
    </CustomBuild>
    <CustomBuild Include="..\xvidcore\src\image\x86_asm\interpolate8x8_xmm.asm">
      <Filter>image\image_asm</Filter>
    </CustomBuild>
    <CustomBuild Include="..\xvidcore\src\image\x86_asm\qpel_mmx.asm">
      <Filter>image\image_asm</Filter>
    </CustomBuild>
    <CustomBuild Include="..\xvidcore\src\image\x86_asm\reduced_mmx.asm">
      <Filter>image\image_asm</Filter>
    </CustomBuild>
    <CustomBuild Include="..\xvidcore\src\motion\x86_asm\sad_3dn.asm">
      <Filter>motion\motion_asm</Filter>
    </CustomBuild>
    <CustomBuild Include="..\xvidcore\src\motion\x86_asm\sad_3dne.asm">
      <Filter>motion\motion_asm</Filter>
    </CustomBuild>
    <CustomBuild Include="..\xvidcore\src\motion\x86_asm\sad_mmx.asm">
      <Filter>motion\motion_asm</Filter>
    </CustomBuild>
    <CustomBuild Include="..\xvidcore\src\motion\x86_asm\sad_sse2.asm">
      <Filter>motion\motion_asm</Filter>
    </CustomBuild>
    <CustomBuild Include="..\xvidcore\src\motion\x86_asm\sad_xmm.asm">
      <Filter>motion\motion_asm</Filter>
    </CustomBuild>
    <CustomBuild Include="..\xvidcore\src\quant\x86_asm\quantize_h263_3dne.asm">
      <Filter>quant\quant_asm</Filter>
    </CustomBuild>
    <CustomBuild Include="..\xvidcore\src\quant\x86_asm\quantize_h263_mmx.asm">
      <Filter>quant\quant_asm</Filter>
    </CustomBuild>
    <CustomBuild Include="..\xvidcore\src\quant\x86_asm\quantize_mpeg_mmx.asm">
      <Filter>quant\quant_asm</Filter>
    </CustomBuild>
    <CustomBuild Include="..\xvidcore\src\quant\x86_asm\quantize_mpeg_xmm.asm">
      <Filter>quant\quant_asm</Filter>
    </CustomBuild>
    <CustomBuild Include="..\xvidcore\src\utils\x86_asm\cpuid.asm">
      <Filter>utils\utils_asm</Filter>
    </CustomBuild>
    <CustomBuild Include="..\xvidcore\src\utils\x86_asm\interlacing_mmx.asm">
      <Filter>utils\utils_asm</Filter>
    </CustomBuild>
    <CustomBuild Include="..\xvidcore\src\utils\x86_asm\mem_transfer_3dne.asm">
      <Filter>utils\utils_asm</Filter>
    </CustomBuild>
    <CustomBuild Include="..\xvidcore\src\utils\x86_asm\mem_transfer_mmx.asm">
      <Filter>utils\utils_asm</Filter>
    </CustomBuild>
  </ItemGroup>
</Project>